github.com/MiroslavRepka/killCatcher v0.0.0-20220917105215-e664e220e41b h1:yl+u3nubqnKV3yohN6TF79dLWC5ZuAZBM5P3OswsUjE=
github.com/MiroslavRepka/killCatcher v0.0.0-20220917105215-e664e220e41b/go.mod h1:44+/a6ff1KZ+X1EX91ePfwlnIBcqq0z38JGj7zSO5cA=
github.com/MiroslavRepka/killCatcher v0.0.0-20220917125342-0bb0369f3a77 h1:XFMbIwZsX3kmYbF7J/W/61mIdn50v/GD2ldLve903nc=
github.com/MiroslavRepka/killCatcher v0.0.0-20220917125342-0bb0369f3a77/go.mod h1:44+/a6ff1KZ+X1EX91ePfwlnIBcqq0z38JGj7zSO5cA=
golang.org/x/sync v0.0.0-20220907140024-f12130a52804 h1:0SH2R3f1b1VmIMG7BXbEZCBUu2dKmHschSmjqGUrW8A=
golang.org/x/sync v0.0.0-20220907140024-f12130a52804/go.mod h1:RxMgew5VJxzue5/jJTE5uejpjVlOe/izrB70Jof72aM=
